
Microsoft Visual Studio Solution File, Format Version 12.00
# Visual Studio Version 16
VisualStudioVersion = 16.0.32602.291
MinimumVisualStudioVersion = 10.0.40219.1
Project("{FAE04EC0-301F-11D3-BF4B-00C04F79EFBC}") = "Task6", "Task6\Task6.csproj", "{7C1C2B04-7E90-4223-A75A-5B924FD2BC7A}"
EndProject
Project("{FAE04EC0-301F-11D3-BF4B-00C04F79EFBC}") = "CalcServiceProject", "CalcServiceProject\CalcServiceProject.csproj", "{97C159FD-2313-4A9E-9354-D1EADFAC5065}"
EndProject
Global
	GlobalSection(SolutionConfigurationPlatforms) = preSolution
		Debug|Any CPU = Debug|Any CPU
		Release|Any CPU = Release|Any CPU
	EndGlobalSection
	GlobalSection(ProjectConfigurationPlatforms) = postSolution
		{7C1C2B04-7E90-4223-A75A-5B924FD2BC7A}.Debug|Any CPU.ActiveCfg = Debug|Any CPU
		{7C1C2B04-7E90-4223-A75A-5B924FD2BC7A}.Debug|Any CPU.Build.0 = Debug|Any CPU
		{7C1C2B04-7E90-4223-A75A-5B924FD2BC7A}.Release|Any CPU.ActiveCfg = Release|Any CPU
		{7C1C2B04-7E90-4223-A75A-5B924FD2BC7A}.Release|Any CPU.Build.0 = Release|Any CPU
		{97C159FD-2313-4A9E-9354-D1EADFAC5065}.Debug|Any CPU.ActiveCfg = Debug|Any CPU
		{97C159FD-2313-4A9E-9354-D1EADFAC5065}.Debug|Any CPU.Build.0 = Debug|Any CPU
		{97C159FD-2313-4A9E-9354-D1EADFAC5065}.Release|Any CPU.ActiveCfg = Release|Any CPU
		{97C159FD-2313-4A9E-9354-D1EADFAC5065}.Release|Any CPU.Build.0 = Release|Any CPU
	EndGlobalSection
	GlobalSection(SolutionProperties) = preSolution
		HideSolutionNode = FALSE
	EndGlobalSection
	GlobalSection(ExtensibilityGlobals) = postSolution
		SolutionGuid = {21AF6489-0FA6-469C-A97A-DC2FD964F5AF}
	EndGlobalSection
EndGlobal
